// !$*UTF8*$!
{
	archiveVersion = 1;
	classes = {
	};
	objectVersion = 50;
	objects = {

/* Begin PBXBuildFile section */
		CB091AF625A9DA6300BCC559 /* AppDelegate.swift in Sources */ = {isa = PBXBuildFile; fileRef = CB091AF525A9DA6300BCC559 /* AppDelegate.swift */; };
		CB091AF825A9DA6300BCC559 /* SceneDelegate.swift in Sources */ = {isa = PBXBuildFile; fileRef = CB091AF725A9DA6300BCC559 /* SceneDelegate.swift */; };
		CB091AFA25A9DA6300BCC559 /* UsersViewController.swift in Sources */ = {isa = PBXBuildFile; fileRef = CB091AF925A9DA6300BCC559 /* UsersViewController.swift */; };
		CB091AFD25A9DA6300BCC559 /* Main.storyboard in Resources */ = {isa = PBXBuildFile; fileRef = CB091AFB25A9DA6300BCC559 /* Main.storyboard */; };
		CB091AFF25A9DA6400BCC559 /* Assets.xcassets in Resources */ = {isa = PBXBuildFile; fileRef = CB091AFE25A9DA6400BCC559 /* Assets.xcassets */; };
		CB091B0225A9DA6400BCC559 /* LaunchScreen.storyboard in Resources */ = {isa = PBXBuildFile; fileRef = CB091B0025A9DA6400BCC559 /* LaunchScreen.storyboard */; };
		CB091B1125A9E43E00BCC559 /* UserProfileViewController.swift in Sources */ = {isa = PBXBuildFile; fileRef = CB091B1025A9E43E00BCC559 /* UserProfileViewController.swift */; };
		CB091B1625A9E96900BCC559 /* UserViewCell.swift in Sources */ = {isa = PBXBuildFile; fileRef = CB091B1425A9E96900BCC559 /* UserViewCell.swift */; };
		CB091B1725A9E96900BCC559 /* UserViewCell.xib in Resources */ = {isa = PBXBuildFile; fileRef = CB091B1525A9E96900BCC559 /* UserViewCell.xib */; };
		CB091B1A25A9ECB000BCC559 /* User.swift in Sources */ = {isa = PBXBuildFile; fileRef = CB091B1925A9ECB000BCC559 /* User.swift */; };
		CB091B1D25A9EE1100BCC559 /* Constants.swift in Sources */ = {isa = PBXBuildFile; fileRef = CB091B1C25A9EE1100BCC559 /* Constants.swift */; };
		CB091B2025A9F38B00BCC559 /* UsersManager.swift in Sources */ = {isa = PBXBuildFile; fileRef = CB091B1F25A9F38B00BCC559 /* UsersManager.swift */; };
		CB091B2325A9F6DF00BCC559 /* UsersReponse.swift in Sources */ = {isa = PBXBuildFile; fileRef = CB091B2225A9F6DF00BCC559 /* UsersReponse.swift */; };
/* End PBXBuildFile section */

/* Begin PBXFileReference section */
		CB091AF225A9DA6300BCC559 /* WAL-Test-iOS.app */ = {isa = PBXFileReference; explicitFileType = wrapper.application; includeInIndex = 0; path = "WAL-Test-iOS.app"; sourceTree = BUILT_PRODUCTS_DIR; };
		CB091AF525A9DA6300BCC559 /* AppDelegate.swift */ = {isa = PBXFileReference; lastKnownFileType = sourcecode.swift; path = AppDelegate.swift; sourceTree = "<group>"; };
		CB091AF725A9DA6300BCC559 /* SceneDelegate.swift */ = {isa = PBXFileReference; lastKnownFileType = sourcecode.swift; path = SceneDelegate.swift; sourceTree = "<group>"; };
		CB091AF925A9DA6300BCC559 /* UsersViewController.swift */ = {isa = PBXFileReference; lastKnownFileType = sourcecode.swift; path = UsersViewController.swift; sourceTree = "<group>"; };
		CB091AFC25A9DA6300BCC559 /* Base */ = {isa = PBXFileReference; lastKnownFileType = file.storyboard; name = Base; path = Base.lproj/Main.storyboard; sourceTree = "<group>"; };
		CB091AFE25A9DA6400BCC559 /* Assets.xcassets */ = {isa = PBXFileReference; lastKnownFileType = folder.assetcatalog; path = Assets.xcassets; sourceTree = "<group>"; };
		CB091B0125A9DA6400BCC559 /* Base */ = {isa = PBXFileReference; lastKnownFileType = file.storyboard; name = Base; path = Base.lproj/LaunchScreen.storyboard; sourceTree = "<group>"; };
		CB091B0325A9DA6400BCC559 /* Info.plist */ = {isa = PBXFileReference; lastKnownFileType = text.plist.xml; path = Info.plist; sourceTree = "<group>"; };
		CB091B1025A9E43E00BCC559 /* UserProfileViewController.swift */ = {isa = PBXFileReference; lastKnownFileType = sourcecode.swift; path = UserProfileViewController.swift; sourceTree = "<group>"; };
		CB091B1425A9E96900BCC559 /* UserViewCell.swift */ = {isa = PBXFileReference; lastKnownFileType = sourcecode.swift; path = UserViewCell.swift; sourceTree = "<group>"; };
		CB091B1525A9E96900BCC559 /* UserViewCell.xib */ = {isa = PBXFileReference; lastKnownFileType = file.xib; path = UserViewCell.xib; sourceTree = "<group>"; };
		CB091B1925A9ECB000BCC559 /* User.swift */ = {isa = PBXFileReference; lastKnownFileType = sourcecode.swift; path = User.swift; sourceTree = "<group>"; };
		CB091B1C25A9EE1100BCC559 /* Constants.swift */ = {isa = PBXFileReference; lastKnownFileType = sourcecode.swift; path = Constants.swift; sourceTree = "<group>"; };
		CB091B1F25A9F38B00BCC559 /* UsersManager.swift */ = {isa = PBXFileReference; lastKnownFileType = sourcecode.swift; path = UsersManager.swift; sourceTree = "<group>"; };
		CB091B2225A9F6DF00BCC559 /* UsersReponse.swift */ = {isa = PBXFileReference; lastKnownFileType = sourcecode.swift; path = UsersReponse.swift; sourceTree = "<group>"; };
/* End PBXFileReference section */

/* Begin PBXFrameworksBuildPhase section */
		CB091AEF25A9DA6300BCC559 /* Frameworks */ = {
			isa = PBXFrameworksBuildPhase;
			buildActionMask = 2147483647;
			files = (
			);
			runOnlyForDeploymentPostprocessing = 0;
		};
/* End PBXFrameworksBuildPhase section */

/* Begin PBXGroup section */
		CB091AE925A9DA6300BCC559 = {
			isa = PBXGroup;
			children = (
				CB091AF425A9DA6300BCC559 /* WAL-Test-iOS */,
				CB091AF325A9DA6300BCC559 /* Products */,
			);
			sourceTree = "<group>";
		};
		CB091AF325A9DA6300BCC559 /* Products */ = {
			isa = PBXGroup;
			children = (
				CB091AF225A9DA6300BCC559 /* WAL-Test-iOS.app */,
			);
			name = Products;
			sourceTree = "<group>";
		};
		CB091AF425A9DA6300BCC559 /* WAL-Test-iOS */ = {
			isa = PBXGroup;
			children = (
				CB091AF525A9DA6300BCC559 /* AppDelegate.swift */,
				CB091AF725A9DA6300BCC559 /* SceneDelegate.swift */,
				CB091B0D25A9E30200BCC559 /* Model */,
				CB091B0B25A9E2CE00BCC559 /* View */,
				CB091B0C25A9E2E600BCC559 /* Controller */,
				CB091AFE25A9DA6400BCC559 /* Assets.xcassets */,
				CB091B0025A9DA6400BCC559 /* LaunchScreen.storyboard */,
				CB091B0325A9DA6400BCC559 /* Info.plist */,
			);
			path = "WAL-Test-iOS";
			sourceTree = "<group>";
		};
		CB091B0B25A9E2CE00BCC559 /* View */ = {
			isa = PBXGroup;
			children = (
				CB091AFB25A9DA6300BCC559 /* Main.storyboard */,
				CB091B1425A9E96900BCC559 /* UserViewCell.swift */,
				CB091B1525A9E96900BCC559 /* UserViewCell.xib */,
			);
			path = View;
			sourceTree = "<group>";
		};
		CB091B0C25A9E2E600BCC559 /* Controller */ = {
			isa = PBXGroup;
			children = (
				CB091AF925A9DA6300BCC559 /* UsersViewController.swift */,
				CB091B1025A9E43E00BCC559 /* UserProfileViewController.swift */,
			);
			path = Controller;
			sourceTree = "<group>";
		};
		CB091B0D25A9E30200BCC559 /* Model */ = {
			isa = PBXGroup;
			children = (
				CB091B1925A9ECB000BCC559 /* User.swift */,
				CB091B1C25A9EE1100BCC559 /* Constants.swift */,
				CB091B1F25A9F38B00BCC559 /* UsersManager.swift */,
				CB091B2225A9F6DF00BCC559 /* UsersReponse.swift */,
			);
			path = Model;
			sourceTree = "<group>";
		};
/* End PBXGroup section */

/* Begin PBXNativeTarget section */
		CB091AF125A9DA6300BCC559 /* WAL-Test-iOS */ = {
			isa = PBXNativeTarget;
			buildConfigurationList = CB091B0625A9DA6400BCC559 /* Build configuration list for PBXNativeTarget "WAL-Test-iOS" */;
			buildPhases = (
				CB091AEE25A9DA6300BCC559 /* Sources */,
				CB091AEF25A9DA6300BCC559 /* Frameworks */,
				CB091AF025A9DA6300BCC559 /* Resources */,
			);
			buildRules = (
			);
			dependencies = (
			);
			name = "WAL-Test-iOS";
			productName = "WAL-Test-iOS";
			productReference = CB091AF225A9DA6300BCC559 /* WAL-Test-iOS.app */;
			productType = "com.apple.product-type.application";
		};
/* End PBXNativeTarget section */

/* Begin PBXProject section */
		CB091AEA25A9DA6300BCC559 /* Project object */ = {
			isa = PBXProject;
			attributes = {
				LastSwiftUpdateCheck = 1220;
				LastUpgradeCheck = 1220;
				TargetAttributes = {
					CB091AF125A9DA6300BCC559 = {
						CreatedOnToolsVersion = 12.2;
					};
				};
			};
			buildConfigurationList = CB091AED25A9DA6300BCC559 /* Build configuration list for PBXProject "WAL-Test-iOS" */;
			compatibilityVersion = "Xcode 9.3";
			developmentRegion = en;
			hasScannedForEncodings = 0;
			knownRegions = (
				en,
				Base,
			);
			mainGroup = CB091AE925A9DA6300BCC559;
			productRefGroup = CB091AF325A9DA6300BCC559 /* Products */;
			projectDirPath = "";
			projectRoot = "";
			targets = (
				CB091AF125A9DA6300BCC559 /* WAL-Test-iOS */,
			);
		};
/* End PBXProject section */

/* Begin PBXResourcesBuildPhase section */
		CB091AF025A9DA6300BCC559 /* Resources */ = {
			isa = PBXResourcesBuildPhase;
			buildActionMask = 2147483647;
			files = (
				CB091B0225A9DA6400BCC559 /* LaunchScreen.storyboard in Resources */,
				CB091AFF25A9DA6400BCC559 /* Assets.xcassets in Resources */,
				CB091AFD25A9DA6300BCC559 /* Main.storyboard in Resources */,
				CB091B1725A9E96900BCC559 /* UserViewCell.xib in Resources */,
			);
			runOnlyForDeploymentPostprocessing = 0;
		};
/* End PBXResourcesBuildPhase section */

/* Begin PBXSourcesBuildPhase section */
		CB091AEE25A9DA6300BCC559 /* Sources */ = {
			isa = PBXSourcesBuildPhase;
			buildActionMask = 2147483647;
			files = (
				CB091AFA25A9DA6300BCC559 /* UsersViewController.swift in Sources */,
				CB091B1625A9E96900BCC559 /* UserViewCell.swift in Sources */,
				CB091B2025A9F38B00BCC559 /* UsersManager.swift in Sources */,
				CB091B2325A9F6DF00BCC559 /* UsersReponse.swift in Sources */,
				CB091B1A25A9ECB000BCC559 /* User.swift in Sources */,
				CB091B1125A9E43E00BCC559 /* UserProfileViewController.swift in Sources */,
				CB091B1D25A9EE1100BCC559 /* Constants.swift in Sources */,
				CB091AF625A9DA6300BCC559 /* AppDelegate.swift in Sources */,
				CB091AF825A9DA6300BCC559 /* SceneDelegate.swift in Sources */,
			);
			runOnlyForDeploymentPostprocessing = 0;
		};
/* End PBXSourcesBuildPhase section */

/* Begin PBXVariantGroup section */
		CB091AFB25A9DA6300BCC559 /* Main.storyboard */ = {
			isa = PBXVariantGroup;
			children = (
				CB091AFC25A9DA6300BCC559 /* Base */,
			);
			name = Main.storyboard;
			sourceTree = "<group>";
		};
		CB091B0025A9DA6400BCC559 /* LaunchScreen.storyboard */ = {
			isa = PBXVariantGroup;
			children = (
				CB091B0125A9DA6400BCC559 /* Base */,
			);
			name = LaunchScreen.storyboard;
			sourceTree = "<group>";
		};
/* End PBXVariantGroup section */

/* Begin XCBuildConfiguration section */
		CB091B0425A9DA6400BCC559 /* Debug */ = {
			isa = XCBuildConfiguration;
			buildSettings = {
				ALWAYS_SEARCH_USER_PATHS = NO;
				CLANG_ANALYZER_NONNULL = YES;
				CLANG_ANALYZER_NUMBER_OBJECT_CONVERSION = YES_AGGRESSIVE;
				CLANG_CXX_LANGUAGE_STANDARD = "gnu++14";
				CLANG_CXX_LIBRARY = "libc++";
				CLANG_ENABLE_MODULES = YES;
				CLANG_ENABLE_OBJC_ARC = YES;
				CLANG_ENABLE_OBJC_WEAK = YES;
				CLANG_WARN_BLOCK_CAPTURE_AUTORELEASING = YES;
				CLANG_WARN_BOOL_CONVERSION = YES;
				CLANG_WARN_COMMA = YES;
				CLANG_WARN_CONSTANT_CONVERSION = YES;
				CLANG_WARN_DEPRECATED_OBJC_IMPLEMENTATIONS = YES;
				CLANG_WARN_DIRECT_OBJC_ISA_USAGE = YES_ERROR;
				CLANG_WARN_DOCUMENTATION_COMMENTS = YES;
				CLANG_WARN_EMPTY_BODY = YES;
				CLANG_WARN_ENUM_CONVERSION = YES;
				CLANG_WARN_INFINITE_RECURSION = YES;
				CLANG_WARN_INT_CONVERSION = YES;
				CLANG_WARN_NON_LITERAL_NULL_CONVERSION = YES;
				CLANG_WARN_OBJC_IMPLICIT_RETAIN_SELF = YES;
				CLANG_WARN_OBJC_LITERAL_CONVERSION = YES;
				CLANG_WARN_OBJC_ROOT_CLASS = YES_ERROR;
				CLANG_WARN_QUOTED_INCLUDE_IN_FRAMEWORK_HEADER = YES;
				CLANG_WARN_RANGE_LOOP_ANALYSIS = YES;
				CLANG_WARN_STRICT_PROTOTYPES = YES;
				CLANG_WARN_SUSPICIOUS_MOVE = YES;
				CLANG_WARN_UNGUARDED_AVAILABILITY = YES_AGGRESSIVE;
				CLANG_WARN_UNREACHABLE_CODE = YES;
				CLANG_WARN__DUPLICATE_METHOD_MATCH = YES;
				COPY_PHASE_STRIP = NO;
				DEBUG_INFORMATION_FORMAT = dwarf;
				ENABLE_STRICT_OBJC_MSGSEND = YES;
				ENABLE_TESTABILITY = YES;
				GCC_C_LANGUAGE_STANDARD = gnu11;
				GCC_DYNAMIC_NO_PIC = NO;
				GCC_NO_COMMON_BLOCKS = YES;
				GCC_OPTIMIZATION_LEVEL = 0;
				GCC_PREPROCESSOR_DEFINITIONS = (
					"DEBUG=1",
					"$(inherited)",
				);
				GCC_WARN_64_TO_32_BIT_CONVERSION = YES;
				GCC_WARN_ABOUT_RETURN_TYPE = YES_ERROR;
				GCC_WARN_UNDECLARED_SELECTOR = YES;
				GCC_WARN_UNINITIALIZED_AUTOS = YES_AGGRESSIVE;
				GCC_WARN_UNUSED_FUNCTION = YES;
				GCC_WARN_UNUSED_VARIABLE = YES;
				IPHONEOS_DEPLOYMENT_TARGET = 14.2;
				MTL_ENABLE_DEBUG_INFO = INCLUDE_SOURCE;
				MTL_FAST_MATH = YES;
				ONLY_ACTIVE_ARCH = YES;
				SDKROOT = iphoneos;
				SWIFT_ACTIVE_COMPILATION_CONDITIONS = DEBUG;
				SWIFT_OPTIMIZATION_LEVEL = "-Onone";
			};
			name = Debug;
		};
		CB091B0525A9DA6400BCC559 /* Release */ = {
			isa = XCBuildConfiguration;
			buildSettings = {
				ALWAYS_SEARCH_USER_PATHS = NO;
				CLANG_ANALYZER_NONNULL = YES;
				CLANG_ANALYZER_NUMBER_OBJECT_CONVERSION = YES_AGGRESSIVE;
				CLANG_CXX_LANGUAGE_STANDARD = "gnu++14";
				CLANG_CXX_LIBRARY = "libc++";
				CLANG_ENABLE_MODULES = YES;
				CLANG_ENABLE_OBJC_ARC = YES;
				CLANG_ENABLE_OBJC_WEAK = YES;
				CLANG_WARN_BLOCK_CAPTURE_AUTORELEASING = YES;
				CLANG_WARN_BOOL_CONVERSION = YES;
				CLANG_WARN_COMMA = YES;
				CLANG_WARN_CONSTANT_CONVERSION = YES;
				CLANG_WARN_DEPRECATED_OBJC_IMPLEMENTATIONS = YES;
				CLANG_WARN_DIRECT_OBJC_ISA_USAGE = YES_ERROR;
				CLANG_WARN_DOCUMENTATION_COMMENTS = YES;
				CLANG_WARN_EMPTY_BODY = YES;
				CLANG_WARN_ENUM_CONVERSION = YES;
				CLANG_WARN_INFINITE_RECURSION = YES;
				CLANG_WARN_INT_CONVERSION = YES;
				CLANG_WARN_NON_LITERAL_NULL_CONVERSION = YES;
				CLANG_WARN_OBJC_IMPLICIT_RETAIN_SELF = YES;
				CLANG_WARN_OBJC_LITERAL_CONVERSION = YES;
				CLANG_WARN_OBJC_ROOT_CLASS = YES_ERROR;
				CLANG_WARN_QUOTED_INCLUDE_IN_FRAMEWORK_HEADER = YES;
				CLANG_WARN_RANGE_LOOP_ANALYSIS = YES;
				CLANG_WARN_STRICT_PROTOTYPES = YES;
				CLANG_WARN_SUSPICIOUS_MOVE = YES;
				CLANG_WARN_UNGUARDED_AVAILABILITY = YES_AGGRESSIVE;
				CLANG_WARN_UNREACHABLE_CODE = YES;
				CLANG_WARN__DUPLICATE_METHOD_MATCH = YES;
				COPY_PHASE_STRIP = NO;
				DEBUG_INFORMATION_FORMAT = "dwarf-with-dsym";
				ENABLE_NS_ASSERTIONS = NO;
				ENABLE_STRICT_OBJC_MSGSEND = YES;
				GCC_C_LANGUAGE_STANDARD = gnu11;
				GCC_NO_COMMON_BLOCKS = YES;
				GCC_WARN_64_TO_32_BIT_CONVERSION = YES;
				GCC_WARN_ABOUT_RETURN_TYPE = YES_ERROR;
				GCC_WARN_UNDECLARED_SELECTOR = YES;
				GCC_WARN_UNINITIALIZED_AUTOS = YES_AGGRESSIVE;
				GCC_WARN_UNUSED_FUNCTION = YES;
				GCC_WARN_UNUSED_VARIABLE = YES;
				IPHONEOS_DEPLOYMENT_TARGET = 14.2;
				MTL_ENABLE_DEBUG_INFO = NO;
				MTL_FAST_MATH = YES;
				SDKROOT = iphoneos;
				SWIFT_COMPILATION_MODE = wholemodule;
				SWIFT_OPTIMIZATION_LEVEL = "-O";
				VALIDATE_PRODUCT = YES;
			};
			name = Release;
		};
		CB091B0725A9DA6400BCC559 /* Debug */ = {
			isa = XCBuildConfiguration;
			buildSettings = {
				ASSETCATALOG_COMPILER_APPICON_NAME = AppIcon;
				ASSETCATALOG_COMPILER_GLOBAL_ACCENT_COLOR_NAME = AccentColor;
				CODE_SIGN_STYLE = Automatic;
				INFOPLIST_FILE = "WAL-Test-iOS/Info.plist";
				LD_RUNPATH_SEARCH_PATHS = (
					"$(inherited)",
					"@executable_path/Frameworks",
				);
				PRODUCT_BUNDLE_IDENTIFIER = "com.ahmedmousa.WAL-Test-iOS";
				PRODUCT_NAME = "$(TARGET_NAME)";
				SWIFT_VERSION = 5.0;
				TARGETED_DEVICE_FAMILY = "1,2";
			};
			name = Debug;
		};
		CB091B0825A9DA6400BCC559 /* Release */ = {
			isa = XCBuildConfiguration;
			buildSettings = {
				ASSETCATALOG_COMPILER_APPICON_NAME = AppIcon;
				ASSETCATALOG_COMPILER_GLOBAL_ACCENT_COLOR_NAME = AccentColor;
				CODE_SIGN_STYLE = Automatic;
				INFOPLIST_FILE = "WAL-Test-iOS/Info.plist";
				LD_RUNPATH_SEARCH_PATHS = (
					"$(inherited)",
					"@executable_path/Frameworks",
				);
				PRODUCT_BUNDLE_IDENTIFIER = "com.ahmedmousa.WAL-Test-iOS";
				PRODUCT_NAME = "$(TARGET_NAME)";
				SWIFT_VERSION = 5.0;
				TARGETED_DEVICE_FAMILY = "1,2";
			};
			name = Release;
		};
/* End XCBuildConfiguration section */

/* Begin XCConfigurationList section */
		CB091AED25A9DA6300BCC559 /* Build configuration list for PBXProject "WAL-Test-iOS" */ = {
			isa = XCConfigurationList;
			buildConfigurations = (
				CB091B0425A9DA6400BCC559 /* Debug */,
				CB091B0525A9DA6400BCC559 /* Release */,
			);
			defaultConfigurationIsVisible = 0;
			defaultConfigurationName = Release;
		};
		CB091B0625A9DA6400BCC559 /* Build configuration list for PBXNativeTarget "WAL-Test-iOS" */ = {
			isa = XCConfigurationList;
			buildConfigurations = (
				CB091B0725A9DA6400BCC559 /* Debug */,
				CB091B0825A9DA6400BCC559 /* Release */,
			);
			defaultConfigurationIsVisible = 0;
			defaultConfigurationName = Release;
		};
/* End XCConfigurationList section */
	};
	rootObject = CB091AEA25A9DA6300BCC559 /* Project object */;
}
